
Microsoft Visual Studio Solution File, Format Version 12.00
# Visual Studio 15
VisualStudioVersion = 15.0.26730.12
MinimumVisualStudioVersion = 10.0.40219.1
Project("{8BC9CEB8-8B4A-11D0-8D11-00A0C91BC942}") = "recDllDriver", "recDllDriver\recDllDriver.vcxproj", "{E2C33B0A-9635-4A48-8E0A-E38C1800D6AA}"
EndProject
Global
	GlobalSection(SolutionConfigurationPlatforms) = preSolution
		Debug|x64 = Debug|x64
		Debug|x86 = Debug|x86
		Release|x64 = Release|x64
		Release|x86 = Release|x86
	EndGlobalSection
	GlobalSection(ProjectConfigurationPlatforms) = postSolution
		{E2C33B0A-9635-4A48-8E0A-E38C1800D6AA}.Debug|x64.ActiveCfg = Debug|x64
		{E2C33B0A-9635-4A48-8E0A-E38C1800D6AA}.Debug|x64.Build.0 = Debug|x64
		{E2C33B0A-9635-4A48-8E0A-E38C1800D6AA}.Debug|x86.ActiveCfg = Debug|Win32
		{E2C33B0A-9635-4A48-8E0A-E38C1800D6AA}.Debug|x86.Build.0 = Debug|Win32
		{E2C33B0A-9635-4A48-8E0A-E38C1800D6AA}.Release|x64.ActiveCfg = Release|x64
		{E2C33B0A-9635-4A48-8E0A-E38C1800D6AA}.Release|x64.Build.0 = Release|x64
		{E2C33B0A-9635-4A48-8E0A-E38C1800D6AA}.Release|x86.ActiveCfg = Release|Win32
		{E2C33B0A-9635-4A48-8E0A-E38C1800D6AA}.Release|x86.Build.0 = Release|Win32
	EndGlobalSection
	GlobalSection(SolutionProperties) = preSolution
		HideSolutionNode = FALSE
	EndGlobalSection
	GlobalSection(ExtensibilityGlobals) = postSolution
		SolutionGuid = {4017B86A-FC1C-4397-B26B-B0253F46A950}
	EndGlobalSection
EndGlobal
