
Microsoft Visual Studio Solution File, Format Version 12.00
# Visual Studio 15
VisualStudioVersion = 15.0.26730.12
MinimumVisualStudioVersion = 10.0.40219.1
Project("{FAE04EC0-301F-11D3-BF4B-00C04F79EFBC}") = "WindowsFormsApp1", "WindowsFormsApp1\WindowsFormsApp1.csproj", "{CE220384-3726-4F57-9BF8-0BF8DBE3B10F}"
EndProject
Global
	GlobalSection(SolutionConfigurationPlatforms) = preSolution
		Debug|Any CPU = Debug|Any CPU
		Release|Any CPU = Release|Any CPU
	EndGlobalSection
	GlobalSection(ProjectConfigurationPlatforms) = postSolution
		{CE220384-3726-4F57-9BF8-0BF8DBE3B10F}.Debug|Any CPU.ActiveCfg = Debug|Any CPU
		{CE220384-3726-4F57-9BF8-0BF8DBE3B10F}.Debug|Any CPU.Build.0 = Debug|Any CPU
		{CE220384-3726-4F57-9BF8-0BF8DBE3B10F}.Release|Any CPU.ActiveCfg = Release|Any CPU
		{CE220384-3726-4F57-9BF8-0BF8DBE3B10F}.Release|Any CPU.Build.0 = Release|Any CPU
	EndGlobalSection
	GlobalSection(SolutionProperties) = preSolution
		HideSolutionNode = FALSE
	EndGlobalSection
	GlobalSection(ExtensibilityGlobals) = postSolution
		SolutionGuid = {B3B63506-598F-458F-8013-AF41DBFCF922}
	EndGlobalSection
EndGlobal
